
Microsoft Visual Studio Solution File, Format Version 12.00
Project("{FAE04EC0-301F-11D3-BF4B-00C04F79EFBC}") = "Funcionarios.Api", "Funcionarios.Api\Funcionarios.Api.csproj", "{B05BF7D5-D2C0-476B-B7ED-BF0BA382A778}"
EndProject
Project("{FAE04EC0-301F-11D3-BF4B-00C04F79EFBC}") = "Funcionarios.Application", "Funcionarios.Application\Funcionarios.Application.csproj", "{EA833068-CFA5-42BC-9705-CCB3BEF68B17}"
EndProject
Project("{FAE04EC0-301F-11D3-BF4B-00C04F79EFBC}") = "Funcionarios.Data", "Funcionarios.Data\Funcionarios.Data.csproj", "{6B8692E9-DDB9-41C2-BB17-17701E59BEE2}"
EndProject
Project("{FAE04EC0-301F-11D3-BF4B-00C04F79EFBC}") = "Funcionarios.Domain", "Funcionarios.Domain\Funcionarios.Domain.csproj", "{01BCF927-E6EF-4F8B-9788-8C05C8E7375A}"
EndProject
Global
	GlobalSection(SolutionConfigurationPlatforms) = preSolution
		Debug|Any CPU = Debug|Any CPU
		Release|Any CPU = Release|Any CPU
	EndGlobalSection
	GlobalSection(ProjectConfigurationPlatforms) = postSolution
		{B05BF7D5-D2C0-476B-B7ED-BF0BA382A778}.Debug|Any CPU.ActiveCfg = Debug|Any CPU
		{B05BF7D5-D2C0-476B-B7ED-BF0BA382A778}.Debug|Any CPU.Build.0 = Debug|Any CPU
		{B05BF7D5-D2C0-476B-B7ED-BF0BA382A778}.Release|Any CPU.ActiveCfg = Release|Any CPU
		{B05BF7D5-D2C0-476B-B7ED-BF0BA382A778}.Release|Any CPU.Build.0 = Release|Any CPU
		{EA833068-CFA5-42BC-9705-CCB3BEF68B17}.Debug|Any CPU.ActiveCfg = Debug|Any CPU
		{EA833068-CFA5-42BC-9705-CCB3BEF68B17}.Debug|Any CPU.Build.0 = Debug|Any CPU
		{EA833068-CFA5-42BC-9705-CCB3BEF68B17}.Release|Any CPU.ActiveCfg = Release|Any CPU
		{EA833068-CFA5-42BC-9705-CCB3BEF68B17}.Release|Any CPU.Build.0 = Release|Any CPU
		{6B8692E9-DDB9-41C2-BB17-17701E59BEE2}.Debug|Any CPU.ActiveCfg = Debug|Any CPU
		{6B8692E9-DDB9-41C2-BB17-17701E59BEE2}.Debug|Any CPU.Build.0 = Debug|Any CPU
		{6B8692E9-DDB9-41C2-BB17-17701E59BEE2}.Release|Any CPU.ActiveCfg = Release|Any CPU
		{6B8692E9-DDB9-41C2-BB17-17701E59BEE2}.Release|Any CPU.Build.0 = Release|Any CPU
		{01BCF927-E6EF-4F8B-9788-8C05C8E7375A}.Debug|Any CPU.ActiveCfg = Debug|Any CPU
		{01BCF927-E6EF-4F8B-9788-8C05C8E7375A}.Debug|Any CPU.Build.0 = Debug|Any CPU
		{01BCF927-E6EF-4F8B-9788-8C05C8E7375A}.Release|Any CPU.ActiveCfg = Release|Any CPU
		{01BCF927-E6EF-4F8B-9788-8C05C8E7375A}.Release|Any CPU.Build.0 = Release|Any CPU
	EndGlobalSection
EndGlobal
